# THIS IS AN AUTOGENERATED FILE. DO NOT EDIT THIS FILE DIRECTLY.
# yarn lockfile v1


mtr-datepicker@^0.3.11:
  version "0.3.11"
  resolved "https://registry.yarnpkg.com/mtr-datepicker/-/mtr-datepicker-0.3.11.tgz#97ef54402d33b8bf5d3cf1581e816f9c9bd007ff"
  integrity sha512-xtbGuYFq5k8LWDMgisZ33tEtsPXMhx/QZ16WTH0g4zu9ZzuAViTDxamkx154p21mMcqyXTDM7Xc1/Mt0o6bXJA==
